
Microsoft Visual Studio Solution File, Format Version 12.00
# Visual Studio 2013
VisualStudioVersion = 12.0.40629.0
MinimumVisualStudioVersion = 10.0.40219.1
Project("{FAE04EC0-301F-11D3-BF4B-00C04F79EFBC}") = "XamChat.Android", "XamChat.Android\XamChat.Android.csproj", "{88C613F3-9BEA-41AE-959F-2A66A438BA94}"
EndProject
Project("{FAE04EC0-301F-11D3-BF4B-00C04F79EFBC}") = "XamChat.iOS", "XamChat.iOS\XamChat.iOS.csproj", "{643C9892-CE90-4D59-99B9-2F7BE968B70A}"
EndProject
Project("{FAE04EC0-301F-11D3-BF4B-00C04F79EFBC}") = "XamChat.Core", "XamChat\XamChat.Core.csproj", "{BB1126D9-2124-42E4-BEF9-88280CF2F37C}"
EndProject
Project("{2150E333-8FDC-42A3-9474-1A3956D46DE8}") = ".nuget", ".nuget", "{8EC4328B-247B-48FB-959E-6151B4493389}"
	ProjectSection(SolutionItems) = preProject
		.nuget\NuGet.Config = .nuget\NuGet.Config
		.nuget\NuGet.exe = .nuget\NuGet.exe
		.nuget\NuGet.targets = .nuget\NuGet.targets
	EndProjectSection
EndProject
Global
	GlobalSection(SolutionConfigurationPlatforms) = preSolution
		Ad-Hoc|Any CPU = Ad-Hoc|Any CPU
		Ad-Hoc|ARM = Ad-Hoc|ARM
		Ad-Hoc|iPhone = Ad-Hoc|iPhone
		Ad-Hoc|iPhoneSimulator = Ad-Hoc|iPhoneSimulator
		Ad-Hoc|Mixed Platforms = Ad-Hoc|Mixed Platforms
		Ad-Hoc|x64 = Ad-Hoc|x64
		Ad-Hoc|x86 = Ad-Hoc|x86
		AppStore|Any CPU = AppStore|Any CPU
		AppStore|ARM = AppStore|ARM
		AppStore|iPhone = AppStore|iPhone
		AppStore|iPhoneSimulator = AppStore|iPhoneSimulator
		AppStore|Mixed Platforms = AppStore|Mixed Platforms
		AppStore|x64 = AppStore|x64
		AppStore|x86 = AppStore|x86
		Debug|Any CPU = Debug|Any CPU
		Debug|ARM = Debug|ARM
		Debug|iPhone = Debug|iPhone
		Debug|iPhoneSimulator = Debug|iPhoneSimulator
		Debug|Mixed Platforms = Debug|Mixed Platforms
		Debug|x64 = Debug|x64
		Debug|x86 = Debug|x86
		Release|Any CPU = Release|Any CPU
		Release|ARM = Release|ARM
		Release|iPhone = Release|iPhone
		Release|iPhoneSimulator = Release|iPhoneSimulator
		Release|Mixed Platforms = Release|Mixed Platforms
		Release|x64 = Release|x64
		Release|x86 = Release|x86
	EndGlobalSection
	GlobalSection(ProjectConfigurationPlatforms) = postSolution
		{88C613F3-9BEA-41AE-959F-2A66A438BA94}.Ad-Hoc|Any CPU.ActiveCfg = Release|Any CPU
		{88C613F3-9BEA-41AE-959F-2A66A438BA94}.Ad-Hoc|Any CPU.Build.0 = Release|Any CPU
		{88C613F3-9BEA-41AE-959F-2A66A438BA94}.Ad-Hoc|Any CPU.Deploy.0 = Release|Any CPU
		{88C613F3-9BEA-41AE-959F-2A66A438BA94}.Ad-Hoc|ARM.ActiveCfg = Release|Any CPU
		{88C613F3-9BEA-41AE-959F-2A66A438BA94}.Ad-Hoc|iPhone.ActiveCfg = Release|Any CPU
		{88C613F3-9BEA-41AE-959F-2A66A438BA94}.Ad-Hoc|iPhoneSimulator.ActiveCfg = Release|Any CPU
		{88C613F3-9BEA-41AE-959F-2A66A438BA94}.Ad-Hoc|Mixed Platforms.ActiveCfg = Release|Any CPU
		{88C613F3-9BEA-41AE-959F-2A66A438BA94}.Ad-Hoc|Mixed Platforms.Build.0 = Release|Any CPU
		{88C613F3-9BEA-41AE-959F-2A66A438BA94}.Ad-Hoc|Mixed Platforms.Deploy.0 = Release|Any CPU
		{88C613F3-9BEA-41AE-959F-2A66A438BA94}.Ad-Hoc|x64.ActiveCfg = Release|Any CPU
		{88C613F3-9BEA-41AE-959F-2A66A438BA94}.Ad-Hoc|x86.ActiveCfg = Release|Any CPU
		{88C613F3-9BEA-41AE-959F-2A66A438BA94}.AppStore|Any CPU.ActiveCfg = Release|Any CPU
		{88C613F3-9BEA-41AE-959F-2A66A438BA94}.AppStore|Any CPU.Build.0 = Release|Any CPU
		{88C613F3-9BEA-41AE-959F-2A66A438BA94}.AppStore|Any CPU.Deploy.0 = Release|Any CPU
		{88C613F3-9BEA-41AE-959F-2A66A438BA94}.AppStore|ARM.ActiveCfg = Release|Any CPU
		{88C613F3-9BEA-41AE-959F-2A66A438BA94}.AppStore|iPhone.ActiveCfg = Release|Any CPU
		{88C613F3-9BEA-41AE-959F-2A66A438BA94}.AppStore|iPhoneSimulator.ActiveCfg = Release|Any CPU
		{88C613F3-9BEA-41AE-959F-2A66A438BA94}.AppStore|Mixed Platforms.ActiveCfg = Release|Any CPU
		{88C613F3-9BEA-41AE-959F-2A66A438BA94}.AppStore|Mixed Platforms.Build.0 = Release|Any CPU
		{88C613F3-9BEA-41AE-959F-2A66A438BA94}.AppStore|Mixed Platforms.Deploy.0 = Release|Any CPU
		{88C613F3-9BEA-41AE-959F-2A66A438BA94}.AppStore|x64.ActiveCfg = Release|Any CPU
		{88C613F3-9BEA-41AE-959F-2A66A438BA94}.AppStore|x86.ActiveCfg = Release|Any CPU
		{88C613F3-9BEA-41AE-959F-2A66A438BA94}.Debug|Any CPU.ActiveCfg = Debug|Any CPU
		{88C613F3-9BEA-41AE-959F-2A66A438BA94}.Debug|Any CPU.Build.0 = Debug|Any CPU
		{88C613F3-9BEA-41AE-959F-2A66A438BA94}.Debug|Any CPU.Deploy.0 = Debug|Any CPU
		{88C613F3-9BEA-41AE-959F-2A66A438BA94}.Debug|ARM.ActiveCfg = Debug|Any CPU
		{88C613F3-9BEA-41AE-959F-2A66A438BA94}.Debug|iPhone.ActiveCfg = Debug|Any CPU
		{88C613F3-9BEA-41AE-959F-2A66A438BA94}.Debug|iPhoneSimulator.ActiveCfg = Debug|Any CPU
		{88C613F3-9BEA-41AE-959F-2A66A438BA94}.Debug|Mixed Platforms.ActiveCfg = Debug|Any CPU
		{88C613F3-9BEA-41AE-959F-2A66A438BA94}.Debug|Mixed Platforms.Build.0 = Debug|Any CPU
		{88C613F3-9BEA-41AE-959F-2A66A438BA94}.Debug|Mixed Platforms.Deploy.0 = Debug|Any CPU
		{88C613F3-9BEA-41AE-959F-2A66A438BA94}.Debug|x64.ActiveCfg = Debug|Any CPU
		{88C613F3-9BEA-41AE-959F-2A66A438BA94}.Debug|x86.ActiveCfg = Debug|Any CPU
		{88C613F3-9BEA-41AE-959F-2A66A438BA94}.Release|Any CPU.ActiveCfg = Release|Any CPU
		{88C613F3-9BEA-41AE-959F-2A66A438BA94}.Release|Any CPU.Build.0 = Release|Any CPU
		{88C613F3-9BEA-41AE-959F-2A66A438BA94}.Release|Any CPU.Deploy.0 = Release|Any CPU
		{88C613F3-9BEA-41AE-959F-2A66A438BA94}.Release|ARM.ActiveCfg = Release|Any CPU
		{88C613F3-9BEA-41AE-959F-2A66A438BA94}.Release|iPhone.ActiveCfg = Release|Any CPU
		{88C613F3-9BEA-41AE-959F-2A66A438BA94}.Release|iPhoneSimulator.ActiveCfg = Release|Any CPU
		{88C613F3-9BEA-41AE-959F-2A66A438BA94}.Release|Mixed Platforms.ActiveCfg = Release|Any CPU
		{88C613F3-9BEA-41AE-959F-2A66A438BA94}.Release|Mixed Platforms.Build.0 = Release|Any CPU
		{88C613F3-9BEA-41AE-959F-2A66A438BA94}.Release|Mixed Platforms.Deploy.0 = Release|Any CPU
		{88C613F3-9BEA-41AE-959F-2A66A438BA94}.Release|x64.ActiveCfg = Release|Any CPU
		{88C613F3-9BEA-41AE-959F-2A66A438BA94}.Release|x86.ActiveCfg = Release|Any CPU
		{643C9892-CE90-4D59-99B9-2F7BE968B70A}.Ad-Hoc|Any CPU.ActiveCfg = Ad-Hoc|iPhone
		{643C9892-CE90-4D59-99B9-2F7BE968B70A}.Ad-Hoc|ARM.ActiveCfg = Ad-Hoc|iPhone
		{643C9892-CE90-4D59-99B9-2F7BE968B70A}.Ad-Hoc|iPhone.ActiveCfg = Ad-Hoc|iPhone
		{643C9892-CE90-4D59-99B9-2F7BE968B70A}.Ad-Hoc|iPhone.Build.0 = Ad-Hoc|iPhone
		{643C9892-CE90-4D59-99B9-2F7BE968B70A}.Ad-Hoc|iPhoneSimulator.ActiveCfg = Ad-Hoc|iPhoneSimulator
		{643C9892-CE90-4D59-99B9-2F7BE968B70A}.Ad-Hoc|iPhoneSimulator.Build.0 = Ad-Hoc|iPhoneSimulator
		{643C9892-CE90-4D59-99B9-2F7BE968B70A}.Ad-Hoc|Mixed Platforms.ActiveCfg = Ad-Hoc|iPhone
		{643C9892-CE90-4D59-99B9-2F7BE968B70A}.Ad-Hoc|Mixed Platforms.Build.0 = Ad-Hoc|iPhone
		{643C9892-CE90-4D59-99B9-2F7BE968B70A}.Ad-Hoc|x64.ActiveCfg = Ad-Hoc|iPhone
		{643C9892-CE90-4D59-99B9-2F7BE968B70A}.Ad-Hoc|x86.ActiveCfg = Ad-Hoc|iPhone
		{643C9892-CE90-4D59-99B9-2F7BE968B70A}.AppStore|Any CPU.ActiveCfg = AppStore|iPhone
		{643C9892-CE90-4D59-99B9-2F7BE968B70A}.AppStore|ARM.ActiveCfg = AppStore|iPhone
		{643C9892-CE90-4D59-99B9-2F7BE968B70A}.AppStore|iPhone.ActiveCfg = AppStore|iPhone
		{643C9892-CE90-4D59-99B9-2F7BE968B70A}.AppStore|iPhone.Build.0 = AppStore|iPhone
		{643C9892-CE90-4D59-99B9-2F7BE968B70A}.AppStore|iPhoneSimulator.ActiveCfg = AppStore|iPhoneSimulator
		{643C9892-CE90-4D59-99B9-2F7BE968B70A}.AppStore|iPhoneSimulator.Build.0 = AppStore|iPhoneSimulator
		{643C9892-CE90-4D59-99B9-2F7BE968B70A}.AppStore|Mixed Platforms.ActiveCfg = AppStore|iPhone
		{643C9892-CE90-4D59-99B9-2F7BE968B70A}.AppStore|Mixed Platforms.Build.0 = AppStore|iPhone
		{643C9892-CE90-4D59-99B9-2F7BE968B70A}.AppStore|x64.ActiveCfg = AppStore|iPhone
		{643C9892-CE90-4D59-99B9-2F7BE968B70A}.AppStore|x86.ActiveCfg = AppStore|iPhone
		{643C9892-CE90-4D59-99B9-2F7BE968B70A}.Debug|Any CPU.ActiveCfg = Debug|iPhone
		{643C9892-CE90-4D59-99B9-2F7BE968B70A}.Debug|ARM.ActiveCfg = Debug|iPhone
		{643C9892-CE90-4D59-99B9-2F7BE968B70A}.Debug|iPhone.ActiveCfg = Debug|iPhone
		{643C9892-CE90-4D59-99B9-2F7BE968B70A}.Debug|iPhone.Build.0 = Debug|iPhone
		{643C9892-CE90-4D59-99B9-2F7BE968B70A}.Debug|iPhoneSimulator.ActiveCfg = Debug|iPhoneSimulator
		{643C9892-CE90-4D59-99B9-2F7BE968B70A}.Debug|iPhoneSimulator.Build.0 = Debug|iPhoneSimulator
		{643C9892-CE90-4D59-99B9-2F7BE968B70A}.Debug|Mixed Platforms.ActiveCfg = Debug|iPhone
		{643C9892-CE90-4D59-99B9-2F7BE968B70A}.Debug|Mixed Platforms.Build.0 = Debug|iPhone
		{643C9892-CE90-4D59-99B9-2F7BE968B70A}.Debug|x64.ActiveCfg = Debug|iPhone
		{643C9892-CE90-4D59-99B9-2F7BE968B70A}.Debug|x86.ActiveCfg = Debug|iPhone
		{643C9892-CE90-4D59-99B9-2F7BE968B70A}.Release|Any CPU.ActiveCfg = Release|iPhone
		{643C9892-CE90-4D59-99B9-2F7BE968B70A}.Release|ARM.ActiveCfg = Release|iPhone
		{643C9892-CE90-4D59-99B9-2F7BE968B70A}.Release|iPhone.ActiveCfg = Release|iPhone
		{643C9892-CE90-4D59-99B9-2F7BE968B70A}.Release|iPhone.Build.0 = Release|iPhone
		{643C9892-CE90-4D59-99B9-2F7BE968B70A}.Release|iPhoneSimulator.ActiveCfg = Release|iPhoneSimulator
		{643C9892-CE90-4D59-99B9-2F7BE968B70A}.Release|iPhoneSimulator.Build.0 = Release|iPhoneSimulator
		{643C9892-CE90-4D59-99B9-2F7BE968B70A}.Release|Mixed Platforms.ActiveCfg = Release|iPhone
		{643C9892-CE90-4D59-99B9-2F7BE968B70A}.Release|Mixed Platforms.Build.0 = Release|iPhone
		{643C9892-CE90-4D59-99B9-2F7BE968B70A}.Release|x64.ActiveCfg = Release|iPhone
		{643C9892-CE90-4D59-99B9-2F7BE968B70A}.Release|x86.ActiveCfg = Release|iPhone
		{BB1126D9-2124-42E4-BEF9-88280CF2F37C}.Ad-Hoc|Any CPU.ActiveCfg = Release|Any CPU
		{BB1126D9-2124-42E4-BEF9-88280CF2F37C}.Ad-Hoc|Any CPU.Build.0 = Release|Any CPU
		{BB1126D9-2124-42E4-BEF9-88280CF2F37C}.Ad-Hoc|ARM.ActiveCfg = Release|Any CPU
		{BB1126D9-2124-42E4-BEF9-88280CF2F37C}.Ad-Hoc|iPhone.ActiveCfg = Release|Any CPU
		{BB1126D9-2124-42E4-BEF9-88280CF2F37C}.Ad-Hoc|iPhoneSimulator.ActiveCfg = Release|Any CPU
		{BB1126D9-2124-42E4-BEF9-88280CF2F37C}.Ad-Hoc|Mixed Platforms.ActiveCfg = Release|Any CPU
		{BB1126D9-2124-42E4-BEF9-88280CF2F37C}.Ad-Hoc|Mixed Platforms.Build.0 = Release|Any CPU
		{BB1126D9-2124-42E4-BEF9-88280CF2F37C}.Ad-Hoc|x64.ActiveCfg = Release|Any CPU
		{BB1126D9-2124-42E4-BEF9-88280CF2F37C}.Ad-Hoc|x86.ActiveCfg = Release|Any CPU
		{BB1126D9-2124-42E4-BEF9-88280CF2F37C}.AppStore|Any CPU.ActiveCfg = Release|Any CPU
		{BB1126D9-2124-42E4-BEF9-88280CF2F37C}.AppStore|Any CPU.Build.0 = Release|Any CPU
		{BB1126D9-2124-42E4-BEF9-88280CF2F37C}.AppStore|ARM.ActiveCfg = Release|Any CPU
		{BB1126D9-2124-42E4-BEF9-88280CF2F37C}.AppStore|iPhone.ActiveCfg = Release|Any CPU
		{BB1126D9-2124-42E4-BEF9-88280CF2F37C}.AppStore|iPhoneSimulator.ActiveCfg = Release|Any CPU
		{BB1126D9-2124-42E4-BEF9-88280CF2F37C}.AppStore|Mixed Platforms.ActiveCfg = Release|Any CPU
		{BB1126D9-2124-42E4-BEF9-88280CF2F37C}.AppStore|Mixed Platforms.Build.0 = Release|Any CPU
		{BB1126D9-2124-42E4-BEF9-88280CF2F37C}.AppStore|x64.ActiveCfg = Release|Any CPU
		{BB1126D9-2124-42E4-BEF9-88280CF2F37C}.AppStore|x86.ActiveCfg = Release|Any CPU
		{BB1126D9-2124-42E4-BEF9-88280CF2F37C}.Debug|Any CPU.ActiveCfg = Debug|Any CPU
		{BB1126D9-2124-42E4-BEF9-88280CF2F37C}.Debug|Any CPU.Build.0 = Debug|Any CPU
		{BB1126D9-2124-42E4-BEF9-88280CF2F37C}.Debug|ARM.ActiveCfg = Debug|Any CPU
		{BB1126D9-2124-42E4-BEF9-88280CF2F37C}.Debug|iPhone.ActiveCfg = Debug|Any CPU
		{BB1126D9-2124-42E4-BEF9-88280CF2F37C}.Debug|iPhoneSimulator.ActiveCfg = Debug|Any CPU
		{BB1126D9-2124-42E4-BEF9-88280CF2F37C}.Debug|Mixed Platforms.ActiveCfg = Debug|Any CPU
		{BB1126D9-2124-42E4-BEF9-88280CF2F37C}.Debug|Mixed Platforms.Build.0 = Debug|Any CPU
		{BB1126D9-2124-42E4-BEF9-88280CF2F37C}.Debug|x64.ActiveCfg = Debug|Any CPU
		{BB1126D9-2124-42E4-BEF9-88280CF2F37C}.Debug|x86.ActiveCfg = Debug|Any CPU
		{BB1126D9-2124-42E4-BEF9-88280CF2F37C}.Release|Any CPU.ActiveCfg = Release|Any CPU
		{BB1126D9-2124-42E4-BEF9-88280CF2F37C}.Release|Any CPU.Build.0 = Release|Any CPU
		{BB1126D9-2124-42E4-BEF9-88280CF2F37C}.Release|ARM.ActiveCfg = Release|Any CPU
		{BB1126D9-2124-42E4-BEF9-88280CF2F37C}.Release|iPhone.ActiveCfg = Release|Any CPU
		{BB1126D9-2124-42E4-BEF9-88280CF2F37C}.Release|iPhoneSimulator.ActiveCfg = Release|Any CPU
		{BB1126D9-2124-42E4-BEF9-88280CF2F37C}.Release|Mixed Platforms.ActiveCfg = Release|Any CPU
		{BB1126D9-2124-42E4-BEF9-88280CF2F37C}.Release|Mixed Platforms.Build.0 = Release|Any CPU
		{BB1126D9-2124-42E4-BEF9-88280CF2F37C}.Release|x64.ActiveCfg = Release|Any CPU
		{BB1126D9-2124-42E4-BEF9-88280CF2F37C}.Release|x86.ActiveCfg = Release|Any CPU
	EndGlobalSection
	GlobalSection(SolutionProperties) = preSolution
		HideSolutionNode = FALSE
	EndGlobalSection
EndGlobal
